{
  "name": "cli-chords",
  "version": "0.1.0",
  "lockfileVersion": 1,
  "requires": true,
  "dependencies": {
    "roi": {
      "version": "0.16.1",
      "resolved": "https://registry.npmjs.org/roi/-/roi-0.16.1.tgz",
      "integrity": "sha512-0ENZ1Ty+JS6pDjrtxcNfn5VvIW6W45U7h8kX8rjMt/uZE7s+VkuhoxcoUPO00V6oL2ci6gpGXPj6jAFhgAO1Wg=="
    }
  }
}
