{
  "name": "cli-chords",
  "version": "0.1.0",
  "lockfileVersion": 1,
  "requires": true,
  "dependencies": {
    "roi": {
      "version": "0.17.0",
      "resolved": "https://registry.npmjs.org/roi/-/roi-0.17.0.tgz",
      "integrity": "sha512-qTPFybwalt/y/AGnop6Y5sJu1EhNYF5LRMYC4oYAgjXcXnLKvLy6pZWgUFOCdka+o/DJTMhf9cCTQMy8rupb3w=="
    }
  }
}
